
Microsoft Visual Studio Solution File, Format Version 12.00
# Visual Studio Version 16
VisualStudioVersion = 16.0.32802.440
MinimumVisualStudioVersion = 10.0.40219.1
Project("{9A19103F-16F7-4668-BE54-9A1E7A4F7556}") = "Przelicznik", "Przelicznik\Przelicznik.csproj", "{B994473D-3300-4FA7-B3B9-C83C0574A6C7}"
EndProject
Project("{2150E333-8FDC-42A3-9474-1A3956D46DE8}") = "WPF", "WPF", "{4744EAFD-D418-4889-A982-318B1115207A}"
EndProject
Project("{9A19103F-16F7-4668-BE54-9A1E7A4F7556}") = "FirstWPFApp", "FirstWPFApp\FirstWPFApp.csproj", "{53C87149-22BB-4114-AC80-E2F01A413727}"
EndProject
Project("{9A19103F-16F7-4668-BE54-9A1E7A4F7556}") = "CointainersWPF", "CointainersWPF\CointainersWPF.csproj", "{1B4F1A8D-FAAC-4E67-980A-DD9A353A7EC6}"
EndProject
Project("{9A19103F-16F7-4668-BE54-9A1E7A4F7556}") = "BindingApp", "BindingApp\BindingApp.csproj", "{2DF67E06-ABAB-418A-9DE1-E4344808FA6C}"
EndProject
Project("{9A19103F-16F7-4668-BE54-9A1E7A4F7556}") = "UtilitiesWPF", "UtilitiesWPF\UtilitiesWPF.csproj", "{34CD9104-3A97-45F8-B19C-CB4AF3A46883}"
EndProject
Project("{9A19103F-16F7-4668-BE54-9A1E7A4F7556}") = "ComboBoxProject", "ComboBoxProject\ComboBoxProject.csproj", "{BE719DA0-ADEE-4644-AAAA-E849363395A0}"
EndProject
Project("{2150E333-8FDC-42A3-9474-1A3956D46DE8}") = "Zadania", "Zadania", "{0C805B6B-9DEE-4352-B4F9-BEB6FEAA551C}"
EndProject
Project("{FAE04EC0-301F-11D3-BF4B-00C04F79EFBC}") = "Zadanie1", "Zadanie1\Zadanie1.csproj", "{B9D15B7C-A73F-4822-8546-0EA0B7142899}"
EndProject
Global
	GlobalSection(SolutionConfigurationPlatforms) = preSolution
		Debug|Any CPU = Debug|Any CPU
		Release|Any CPU = Release|Any CPU
	EndGlobalSection
	GlobalSection(ProjectConfigurationPlatforms) = postSolution
		{B994473D-3300-4FA7-B3B9-C83C0574A6C7}.Debug|Any CPU.ActiveCfg = Debug|Any CPU
		{B994473D-3300-4FA7-B3B9-C83C0574A6C7}.Debug|Any CPU.Build.0 = Debug|Any CPU
		{B994473D-3300-4FA7-B3B9-C83C0574A6C7}.Release|Any CPU.ActiveCfg = Release|Any CPU
		{B994473D-3300-4FA7-B3B9-C83C0574A6C7}.Release|Any CPU.Build.0 = Release|Any CPU
		{53C87149-22BB-4114-AC80-E2F01A413727}.Debug|Any CPU.ActiveCfg = Debug|Any CPU
		{53C87149-22BB-4114-AC80-E2F01A413727}.Debug|Any CPU.Build.0 = Debug|Any CPU
		{53C87149-22BB-4114-AC80-E2F01A413727}.Release|Any CPU.ActiveCfg = Release|Any CPU
		{53C87149-22BB-4114-AC80-E2F01A413727}.Release|Any CPU.Build.0 = Release|Any CPU
		{1B4F1A8D-FAAC-4E67-980A-DD9A353A7EC6}.Debug|Any CPU.ActiveCfg = Debug|Any CPU
		{1B4F1A8D-FAAC-4E67-980A-DD9A353A7EC6}.Debug|Any CPU.Build.0 = Debug|Any CPU
		{1B4F1A8D-FAAC-4E67-980A-DD9A353A7EC6}.Release|Any CPU.ActiveCfg = Release|Any CPU
		{1B4F1A8D-FAAC-4E67-980A-DD9A353A7EC6}.Release|Any CPU.Build.0 = Release|Any CPU
		{2DF67E06-ABAB-418A-9DE1-E4344808FA6C}.Debug|Any CPU.ActiveCfg = Debug|Any CPU
		{2DF67E06-ABAB-418A-9DE1-E4344808FA6C}.Debug|Any CPU.Build.0 = Debug|Any CPU
		{2DF67E06-ABAB-418A-9DE1-E4344808FA6C}.Release|Any CPU.ActiveCfg = Release|Any CPU
		{2DF67E06-ABAB-418A-9DE1-E4344808FA6C}.Release|Any CPU.Build.0 = Release|Any CPU
		{34CD9104-3A97-45F8-B19C-CB4AF3A46883}.Debug|Any CPU.ActiveCfg = Debug|Any CPU
		{34CD9104-3A97-45F8-B19C-CB4AF3A46883}.Debug|Any CPU.Build.0 = Debug|Any CPU
		{34CD9104-3A97-45F8-B19C-CB4AF3A46883}.Release|Any CPU.ActiveCfg = Release|Any CPU
		{34CD9104-3A97-45F8-B19C-CB4AF3A46883}.Release|Any CPU.Build.0 = Release|Any CPU
		{BE719DA0-ADEE-4644-AAAA-E849363395A0}.Debug|Any CPU.ActiveCfg = Debug|Any CPU
		{BE719DA0-ADEE-4644-AAAA-E849363395A0}.Debug|Any CPU.Build.0 = Debug|Any CPU
		{BE719DA0-ADEE-4644-AAAA-E849363395A0}.Release|Any CPU.ActiveCfg = Release|Any CPU
		{BE719DA0-ADEE-4644-AAAA-E849363395A0}.Release|Any CPU.Build.0 = Release|Any CPU
		{B9D15B7C-A73F-4822-8546-0EA0B7142899}.Debug|Any CPU.ActiveCfg = Debug|Any CPU
		{B9D15B7C-A73F-4822-8546-0EA0B7142899}.Debug|Any CPU.Build.0 = Debug|Any CPU
		{B9D15B7C-A73F-4822-8546-0EA0B7142899}.Release|Any CPU.ActiveCfg = Release|Any CPU
		{B9D15B7C-A73F-4822-8546-0EA0B7142899}.Release|Any CPU.Build.0 = Release|Any CPU
	EndGlobalSection
	GlobalSection(SolutionProperties) = preSolution
		HideSolutionNode = FALSE
	EndGlobalSection
	GlobalSection(NestedProjects) = preSolution
		{53C87149-22BB-4114-AC80-E2F01A413727} = {4744EAFD-D418-4889-A982-318B1115207A}
		{1B4F1A8D-FAAC-4E67-980A-DD9A353A7EC6} = {4744EAFD-D418-4889-A982-318B1115207A}
		{2DF67E06-ABAB-418A-9DE1-E4344808FA6C} = {4744EAFD-D418-4889-A982-318B1115207A}
		{34CD9104-3A97-45F8-B19C-CB4AF3A46883} = {4744EAFD-D418-4889-A982-318B1115207A}
		{BE719DA0-ADEE-4644-AAAA-E849363395A0} = {4744EAFD-D418-4889-A982-318B1115207A}
		{0C805B6B-9DEE-4352-B4F9-BEB6FEAA551C} = {4744EAFD-D418-4889-A982-318B1115207A}
		{B9D15B7C-A73F-4822-8546-0EA0B7142899} = {0C805B6B-9DEE-4352-B4F9-BEB6FEAA551C}
	EndGlobalSection
	GlobalSection(ExtensibilityGlobals) = postSolution
		SolutionGuid = {39249B6A-508F-4608-8AA9-23F7C3D26930}
	EndGlobalSection
EndGlobal
